
Microsoft Visual Studio Solution File, Format Version 12.00
# Visual Studio Version 17
VisualStudioVersion = 17.9.34622.214
MinimumVisualStudioVersion = 10.0.40219.1
Project("{FAE04EC0-301F-11D3-BF4B-00C04F79EFBC}") = "VincentTaskManagementAPI", "VincentTaskManagementAPI\VincentTaskManagementAPI.csproj", "{3D7AB4CA-0B50-479C-AFDD-DDD074D02579}"
EndProject
Global
	GlobalSection(SolutionConfigurationPlatforms) = preSolution
		Debug|Any CPU = Debug|Any CPU
		Release|Any CPU = Release|Any CPU
	EndGlobalSection
	GlobalSection(ProjectConfigurationPlatforms) = postSolution
		{3D7AB4CA-0B50-479C-AFDD-DDD074D02579}.Debug|Any CPU.ActiveCfg = Debug|Any CPU
		{3D7AB4CA-0B50-479C-AFDD-DDD074D02579}.Debug|Any CPU.Build.0 = Debug|Any CPU
		{3D7AB4CA-0B50-479C-AFDD-DDD074D02579}.Release|Any CPU.ActiveCfg = Release|Any CPU
		{3D7AB4CA-0B50-479C-AFDD-DDD074D02579}.Release|Any CPU.Build.0 = Release|Any CPU
	EndGlobalSection
	GlobalSection(SolutionProperties) = preSolution
		HideSolutionNode = FALSE
	EndGlobalSection
	GlobalSection(ExtensibilityGlobals) = postSolution
		SolutionGuid = {DA64F1DB-2332-434B-95AB-F049310D0099}
	EndGlobalSection
EndGlobal
